
Microsoft Visual Studio Solution File, Format Version 12.00
# Visual Studio 15
VisualStudioVersion = 15.0.26124.0
MinimumVisualStudioVersion = 15.0.26124.0
Project("{FAE04EC0-301F-11D3-BF4B-00C04F79EFBC}") = "Concepts", "Source\Concepts\Concepts.csproj", "{3ABD948F-92F1-4C1E-AA68-15F553857D32}"
EndProject
Project("{FAE04EC0-301F-11D3-BF4B-00C04F79EFBC}") = "Core", "Source\Core\Core.csproj", "{9E9264EC-77AB-442F-9693-12B456779C5E}"
EndProject
Project("{FAE04EC0-301F-11D3-BF4B-00C04F79EFBC}") = "Domain", "Source\Domain\Domain.csproj", "{8C25579F-1041-440C-96B0-44869E2A7B82}"
EndProject
Project("{FAE04EC0-301F-11D3-BF4B-00C04F79EFBC}") = "Events", "Source\Events\Events.csproj", "{BCB881B8-91CC-48AA-92F7-CF9CE8630573}"
EndProject
Project("{FAE04EC0-301F-11D3-BF4B-00C04F79EFBC}") = "Policies", "Source\Policies\Policies.csproj", "{4BAA3E2F-F48F-4D15-8C30-AC21FB13600D}"
EndProject
Project("{FAE04EC0-301F-11D3-BF4B-00C04F79EFBC}") = "Read", "Source\Read\Read.csproj", "{3BA3F62A-DD53-4EF2-8D3A-50400DF9FD99}"
EndProject
Project("{FAE04EC0-301F-11D3-BF4B-00C04F79EFBC}") = "Rules", "Source\Rules\Rules.csproj", "{630781BD-4F65-44D0-AC58-E27431F661EC}"
EndProject
Global
	GlobalSection(SolutionConfigurationPlatforms) = preSolution
		Debug|Any CPU = Debug|Any CPU
		Debug|x64 = Debug|x64
		Debug|x86 = Debug|x86
		Release|Any CPU = Release|Any CPU
		Release|x64 = Release|x64
		Release|x86 = Release|x86
	EndGlobalSection
	GlobalSection(SolutionProperties) = preSolution
		HideSolutionNode = FALSE
	EndGlobalSection
	GlobalSection(ProjectConfigurationPlatforms) = postSolution
		{3ABD948F-92F1-4C1E-AA68-15F553857D32}.Debug|Any CPU.ActiveCfg = Debug|Any CPU
		{3ABD948F-92F1-4C1E-AA68-15F553857D32}.Debug|Any CPU.Build.0 = Debug|Any CPU
		{3ABD948F-92F1-4C1E-AA68-15F553857D32}.Debug|x64.ActiveCfg = Debug|Any CPU
		{3ABD948F-92F1-4C1E-AA68-15F553857D32}.Debug|x64.Build.0 = Debug|Any CPU
		{3ABD948F-92F1-4C1E-AA68-15F553857D32}.Debug|x86.ActiveCfg = Debug|Any CPU
		{3ABD948F-92F1-4C1E-AA68-15F553857D32}.Debug|x86.Build.0 = Debug|Any CPU
		{3ABD948F-92F1-4C1E-AA68-15F553857D32}.Release|Any CPU.ActiveCfg = Release|Any CPU
		{3ABD948F-92F1-4C1E-AA68-15F553857D32}.Release|Any CPU.Build.0 = Release|Any CPU
		{3ABD948F-92F1-4C1E-AA68-15F553857D32}.Release|x64.ActiveCfg = Release|Any CPU
		{3ABD948F-92F1-4C1E-AA68-15F553857D32}.Release|x64.Build.0 = Release|Any CPU
		{3ABD948F-92F1-4C1E-AA68-15F553857D32}.Release|x86.ActiveCfg = Release|Any CPU
		{3ABD948F-92F1-4C1E-AA68-15F553857D32}.Release|x86.Build.0 = Release|Any CPU
		{8C25579F-1041-440C-96B0-44869E2A7B82}.Debug|Any CPU.ActiveCfg = Debug|Any CPU
		{8C25579F-1041-440C-96B0-44869E2A7B82}.Debug|Any CPU.Build.0 = Debug|Any CPU
		{8C25579F-1041-440C-96B0-44869E2A7B82}.Debug|x64.ActiveCfg = Debug|Any CPU
		{8C25579F-1041-440C-96B0-44869E2A7B82}.Debug|x64.Build.0 = Debug|Any CPU
		{8C25579F-1041-440C-96B0-44869E2A7B82}.Debug|x86.ActiveCfg = Debug|Any CPU
		{8C25579F-1041-440C-96B0-44869E2A7B82}.Debug|x86.Build.0 = Debug|Any CPU
		{8C25579F-1041-440C-96B0-44869E2A7B82}.Release|Any CPU.ActiveCfg = Release|Any CPU
		{8C25579F-1041-440C-96B0-44869E2A7B82}.Release|Any CPU.Build.0 = Release|Any CPU
		{8C25579F-1041-440C-96B0-44869E2A7B82}.Release|x64.ActiveCfg = Release|Any CPU
		{8C25579F-1041-440C-96B0-44869E2A7B82}.Release|x64.Build.0 = Release|Any CPU
		{8C25579F-1041-440C-96B0-44869E2A7B82}.Release|x86.ActiveCfg = Release|Any CPU
		{8C25579F-1041-440C-96B0-44869E2A7B82}.Release|x86.Build.0 = Release|Any CPU
		{3BA3F62A-DD53-4EF2-8D3A-50400DF9FD99}.Debug|Any CPU.ActiveCfg = Debug|Any CPU
		{3BA3F62A-DD53-4EF2-8D3A-50400DF9FD99}.Debug|Any CPU.Build.0 = Debug|Any CPU
		{3BA3F62A-DD53-4EF2-8D3A-50400DF9FD99}.Debug|x64.ActiveCfg = Debug|Any CPU
		{3BA3F62A-DD53-4EF2-8D3A-50400DF9FD99}.Debug|x64.Build.0 = Debug|Any CPU
		{3BA3F62A-DD53-4EF2-8D3A-50400DF9FD99}.Debug|x86.ActiveCfg = Debug|Any CPU
		{3BA3F62A-DD53-4EF2-8D3A-50400DF9FD99}.Debug|x86.Build.0 = Debug|Any CPU
		{3BA3F62A-DD53-4EF2-8D3A-50400DF9FD99}.Release|Any CPU.ActiveCfg = Release|Any CPU
		{3BA3F62A-DD53-4EF2-8D3A-50400DF9FD99}.Release|Any CPU.Build.0 = Release|Any CPU
		{3BA3F62A-DD53-4EF2-8D3A-50400DF9FD99}.Release|x64.ActiveCfg = Release|Any CPU
		{3BA3F62A-DD53-4EF2-8D3A-50400DF9FD99}.Release|x64.Build.0 = Release|Any CPU
		{3BA3F62A-DD53-4EF2-8D3A-50400DF9FD99}.Release|x86.ActiveCfg = Release|Any CPU
		{3BA3F62A-DD53-4EF2-8D3A-50400DF9FD99}.Release|x86.Build.0 = Release|Any CPU
		{BCB881B8-91CC-48AA-92F7-CF9CE8630573}.Debug|Any CPU.ActiveCfg = Debug|Any CPU
		{BCB881B8-91CC-48AA-92F7-CF9CE8630573}.Debug|Any CPU.Build.0 = Debug|Any CPU
		{BCB881B8-91CC-48AA-92F7-CF9CE8630573}.Debug|x64.ActiveCfg = Debug|Any CPU
		{BCB881B8-91CC-48AA-92F7-CF9CE8630573}.Debug|x64.Build.0 = Debug|Any CPU
		{BCB881B8-91CC-48AA-92F7-CF9CE8630573}.Debug|x86.ActiveCfg = Debug|Any CPU
		{BCB881B8-91CC-48AA-92F7-CF9CE8630573}.Debug|x86.Build.0 = Debug|Any CPU
		{BCB881B8-91CC-48AA-92F7-CF9CE8630573}.Release|Any CPU.ActiveCfg = Release|Any CPU
		{BCB881B8-91CC-48AA-92F7-CF9CE8630573}.Release|Any CPU.Build.0 = Release|Any CPU
		{BCB881B8-91CC-48AA-92F7-CF9CE8630573}.Release|x64.ActiveCfg = Release|Any CPU
		{BCB881B8-91CC-48AA-92F7-CF9CE8630573}.Release|x64.Build.0 = Release|Any CPU
		{BCB881B8-91CC-48AA-92F7-CF9CE8630573}.Release|x86.ActiveCfg = Release|Any CPU
		{BCB881B8-91CC-48AA-92F7-CF9CE8630573}.Release|x86.Build.0 = Release|Any CPU
		{9E9264EC-77AB-442F-9693-12B456779C5E}.Debug|Any CPU.ActiveCfg = Debug|Any CPU
		{9E9264EC-77AB-442F-9693-12B456779C5E}.Debug|Any CPU.Build.0 = Debug|Any CPU
		{9E9264EC-77AB-442F-9693-12B456779C5E}.Debug|x64.ActiveCfg = Debug|Any CPU
		{9E9264EC-77AB-442F-9693-12B456779C5E}.Debug|x64.Build.0 = Debug|Any CPU
		{9E9264EC-77AB-442F-9693-12B456779C5E}.Debug|x86.ActiveCfg = Debug|Any CPU
		{9E9264EC-77AB-442F-9693-12B456779C5E}.Debug|x86.Build.0 = Debug|Any CPU
		{9E9264EC-77AB-442F-9693-12B456779C5E}.Release|Any CPU.ActiveCfg = Release|Any CPU
		{9E9264EC-77AB-442F-9693-12B456779C5E}.Release|Any CPU.Build.0 = Release|Any CPU
		{9E9264EC-77AB-442F-9693-12B456779C5E}.Release|x64.ActiveCfg = Release|Any CPU
		{9E9264EC-77AB-442F-9693-12B456779C5E}.Release|x64.Build.0 = Release|Any CPU
		{9E9264EC-77AB-442F-9693-12B456779C5E}.Release|x86.ActiveCfg = Release|Any CPU
		{9E9264EC-77AB-442F-9693-12B456779C5E}.Release|x86.Build.0 = Release|Any CPU
		{4BAA3E2F-F48F-4D15-8C30-AC21FB13600D}.Debug|Any CPU.ActiveCfg = Debug|Any CPU
		{4BAA3E2F-F48F-4D15-8C30-AC21FB13600D}.Debug|Any CPU.Build.0 = Debug|Any CPU
		{4BAA3E2F-F48F-4D15-8C30-AC21FB13600D}.Debug|x64.ActiveCfg = Debug|Any CPU
		{4BAA3E2F-F48F-4D15-8C30-AC21FB13600D}.Debug|x64.Build.0 = Debug|Any CPU
		{4BAA3E2F-F48F-4D15-8C30-AC21FB13600D}.Debug|x86.ActiveCfg = Debug|Any CPU
		{4BAA3E2F-F48F-4D15-8C30-AC21FB13600D}.Debug|x86.Build.0 = Debug|Any CPU
		{4BAA3E2F-F48F-4D15-8C30-AC21FB13600D}.Release|Any CPU.ActiveCfg = Release|Any CPU
		{4BAA3E2F-F48F-4D15-8C30-AC21FB13600D}.Release|Any CPU.Build.0 = Release|Any CPU
		{4BAA3E2F-F48F-4D15-8C30-AC21FB13600D}.Release|x64.ActiveCfg = Release|Any CPU
		{4BAA3E2F-F48F-4D15-8C30-AC21FB13600D}.Release|x64.Build.0 = Release|Any CPU
		{4BAA3E2F-F48F-4D15-8C30-AC21FB13600D}.Release|x86.ActiveCfg = Release|Any CPU
		{4BAA3E2F-F48F-4D15-8C30-AC21FB13600D}.Release|x86.Build.0 = Release|Any CPU
		{630781BD-4F65-44D0-AC58-E27431F661EC}.Debug|Any CPU.ActiveCfg = Debug|Any CPU
		{630781BD-4F65-44D0-AC58-E27431F661EC}.Debug|Any CPU.Build.0 = Debug|Any CPU
		{630781BD-4F65-44D0-AC58-E27431F661EC}.Debug|x64.ActiveCfg = Debug|Any CPU
		{630781BD-4F65-44D0-AC58-E27431F661EC}.Debug|x64.Build.0 = Debug|Any CPU
		{630781BD-4F65-44D0-AC58-E27431F661EC}.Debug|x86.ActiveCfg = Debug|Any CPU
		{630781BD-4F65-44D0-AC58-E27431F661EC}.Debug|x86.Build.0 = Debug|Any CPU
		{630781BD-4F65-44D0-AC58-E27431F661EC}.Release|Any CPU.ActiveCfg = Release|Any CPU
		{630781BD-4F65-44D0-AC58-E27431F661EC}.Release|Any CPU.Build.0 = Release|Any CPU
		{630781BD-4F65-44D0-AC58-E27431F661EC}.Release|x64.ActiveCfg = Release|Any CPU
		{630781BD-4F65-44D0-AC58-E27431F661EC}.Release|x64.Build.0 = Release|Any CPU
		{630781BD-4F65-44D0-AC58-E27431F661EC}.Release|x86.ActiveCfg = Release|Any CPU
		{630781BD-4F65-44D0-AC58-E27431F661EC}.Release|x86.Build.0 = Release|Any CPU
	EndGlobalSection
EndGlobal
